
Microsoft Visual Studio Solution File, Format Version 12.00
# Visual Studio Version 17
VisualStudioVersion = 17.4.33103.184
MinimumVisualStudioVersion = 10.0.40219.1
Project("{9A19103F-16F7-4668-BE54-9A1E7A4F7556}") = "Equipment", "Equipment.csproj", "{84DEB814-BE42-439A-9811-AFF638255025}"
EndProject
Global
	GlobalSection(SolutionConfigurationPlatforms) = preSolution
		Debug|Any CPU = Debug|Any CPU
		Release|Any CPU = Release|Any CPU
	EndGlobalSection
	GlobalSection(ProjectConfigurationPlatforms) = postSolution
		{84DEB814-BE42-439A-9811-AFF638255025}.Debug|Any CPU.ActiveCfg = Debug|Any CPU
		{84DEB814-BE42-439A-9811-AFF638255025}.Debug|Any CPU.Build.0 = Debug|Any CPU
		{84DEB814-BE42-439A-9811-AFF638255025}.Release|Any CPU.ActiveCfg = Release|Any CPU
		{84DEB814-BE42-439A-9811-AFF638255025}.Release|Any CPU.Build.0 = Release|Any CPU
	EndGlobalSection
	GlobalSection(SolutionProperties) = preSolution
		HideSolutionNode = FALSE
	EndGlobalSection
	GlobalSection(ExtensibilityGlobals) = postSolution
		SolutionGuid = {33015FDF-CFBF-413E-8ECB-B544DF4BE5BA}
	EndGlobalSection
EndGlobal
